// !$*UTF8*$!
{
	archiveVersion = 1;
	classes = {
	};
	objectVersion = 55;
	objects = {

/* Begin PBXBuildFile section */
		BE022002945E2CFE352BAC9F /* Pods_profocus.framework in Frameworks */ = {isa = PBXBuildFile; fileRef = 13B6EA8E6C42596949D1A2A8 /* Pods_profocus.framework */; };
		DA13CD0C27C6FCFB0084FAB8 /* UserModel.swift in Sources */ = {isa = PBXBuildFile; fileRef = DA13CD0B27C6FCFB0084FAB8 /* UserModel.swift */; };
		DA17BFF527BB06BA0047CEBA /* AppDelegate.swift in Sources */ = {isa = PBXBuildFile; fileRef = DA17BFF427BB06BA0047CEBA /* AppDelegate.swift */; };
		DA17BFF727BB06BA0047CEBA /* SceneDelegate.swift in Sources */ = {isa = PBXBuildFile; fileRef = DA17BFF627BB06BA0047CEBA /* SceneDelegate.swift */; };
		DA17BFF927BB06BA0047CEBA /* TimerViewController.swift in Sources */ = {isa = PBXBuildFile; fileRef = DA17BFF827BB06BA0047CEBA /* TimerViewController.swift */; };
		DA17BFFE27BB06BC0047CEBA /* Assets.xcassets in Resources */ = {isa = PBXBuildFile; fileRef = DA17BFFD27BB06BC0047CEBA /* Assets.xcassets */; };
		DA17C00127BB06BC0047CEBA /* LaunchScreen.storyboard in Resources */ = {isa = PBXBuildFile; fileRef = DA17BFFF27BB06BC0047CEBA /* LaunchScreen.storyboard */; };
		DA3857D627E2AE2F00F531D1 /* UserInfo.xcdatamodeld in Sources */ = {isa = PBXBuildFile; fileRef = DA3857D427E2AE2F00F531D1 /* UserInfo.xcdatamodeld */; };
		DA3857D927E2B7CA00F531D1 /* ConfigViewController.swift in Sources */ = {isa = PBXBuildFile; fileRef = DA3857D827E2B7CA00F531D1 /* ConfigViewController.swift */; };
		DA3857DB27E2B7D700F531D1 /* ConfigInteractor.swift in Sources */ = {isa = PBXBuildFile; fileRef = DA3857DA27E2B7D700F531D1 /* ConfigInteractor.swift */; };
		DA3857DD27E2B7E200F531D1 /* ConfigPresenter.swift in Sources */ = {isa = PBXBuildFile; fileRef = DA3857DC27E2B7E200F531D1 /* ConfigPresenter.swift */; };
		DA3857DF27E2B7FC00F531D1 /* ConfigFactory.swift in Sources */ = {isa = PBXBuildFile; fileRef = DA3857DE27E2B7FC00F531D1 /* ConfigFactory.swift */; };
		DA40A3FA27D80E5700892E10 /* AnalyticsViewController.swift in Sources */ = {isa = PBXBuildFile; fileRef = DA40A3F927D80E5700892E10 /* AnalyticsViewController.swift */; };
		DA40A3FC27D80E6D00892E10 /* AnalyticsInteractor.swift in Sources */ = {isa = PBXBuildFile; fileRef = DA40A3FB27D80E6D00892E10 /* AnalyticsInteractor.swift */; };
		DA40A3FE27D80E7600892E10 /* AnalyticsPresenter.swift in Sources */ = {isa = PBXBuildFile; fileRef = DA40A3FD27D80E7600892E10 /* AnalyticsPresenter.swift */; };
		DA40A40027D80E8D00892E10 /* AnalyticsFactory.swift in Sources */ = {isa = PBXBuildFile; fileRef = DA40A3FF27D80E8D00892E10 /* AnalyticsFactory.swift */; };
		DA4747C927FFAF49009DAF76 /* AddTaskViewController.swift in Sources */ = {isa = PBXBuildFile; fileRef = DA4747C827FFAF49009DAF76 /* AddTaskViewController.swift */; };
		DA4747CB27FFAF59009DAF76 /* AddTaskInteractor.swift in Sources */ = {isa = PBXBuildFile; fileRef = DA4747CA27FFAF59009DAF76 /* AddTaskInteractor.swift */; };
		DA4747CD27FFAF64009DAF76 /* AddTaskPresenter.swift in Sources */ = {isa = PBXBuildFile; fileRef = DA4747CC27FFAF64009DAF76 /* AddTaskPresenter.swift */; };
		DA4747CF27FFAF79009DAF76 /* AddTaskCoordinator.swift in Sources */ = {isa = PBXBuildFile; fileRef = DA4747CE27FFAF79009DAF76 /* AddTaskCoordinator.swift */; };
		DA4747D127FFAF88009DAF76 /* AddTaskFactory.swift in Sources */ = {isa = PBXBuildFile; fileRef = DA4747D027FFAF88009DAF76 /* AddTaskFactory.swift */; };
		DA714DE527E3F7DC008C5AD0 /* ConfigCell.swift in Sources */ = {isa = PBXBuildFile; fileRef = DA714DE427E3F7DC008C5AD0 /* ConfigCell.swift */; };
		DA8391DA27C8459F00071450 /* TabBar.swift in Sources */ = {isa = PBXBuildFile; fileRef = DA8391D927C8459F00071450 /* TabBar.swift */; };
		DA8391DD27C8508300071450 /* TasksViewController.swift in Sources */ = {isa = PBXBuildFile; fileRef = DA8391DC27C8508300071450 /* TasksViewController.swift */; };
		DA8391DF27C8509500071450 /* TasksInteractor.swift in Sources */ = {isa = PBXBuildFile; fileRef = DA8391DE27C8509500071450 /* TasksInteractor.swift */; };
		DA8391E127C850A000071450 /* TasksPresenter.swift in Sources */ = {isa = PBXBuildFile; fileRef = DA8391E027C850A000071450 /* TasksPresenter.swift */; };
		DA8391E327C850B100071450 /* TasksCoordinator.swift in Sources */ = {isa = PBXBuildFile; fileRef = DA8391E227C850B100071450 /* TasksCoordinator.swift */; };
		DA8391E527C850CE00071450 /* TasksFactory.swift in Sources */ = {isa = PBXBuildFile; fileRef = DA8391E427C850CE00071450 /* TasksFactory.swift */; };
		DA93A02927C4490500F6B322 /* Task.xcdatamodeld in Sources */ = {isa = PBXBuildFile; fileRef = DA93A02727C4490500F6B322 /* Task.xcdatamodeld */; };
		DA93A02B27C44BE400F6B322 /* TimerInteractor.swift in Sources */ = {isa = PBXBuildFile; fileRef = DA93A02A27C44BE400F6B322 /* TimerInteractor.swift */; };
		DA93A02D27C44BEC00F6B322 /* TimerPresenter.swift in Sources */ = {isa = PBXBuildFile; fileRef = DA93A02C27C44BEC00F6B322 /* TimerPresenter.swift */; };
		DA93A02F27C44C0200F6B322 /* TimerFactory.swift in Sources */ = {isa = PBXBuildFile; fileRef = DA93A02E27C44C0200F6B322 /* TimerFactory.swift */; };
		DA93A03127C44C1400F6B322 /* TimerCoordinator.swift in Sources */ = {isa = PBXBuildFile; fileRef = DA93A03027C44C1400F6B322 /* TimerCoordinator.swift */; };
		DAAE5BF82808A7AE0004E1CC /* CategoriesViewController.swift in Sources */ = {isa = PBXBuildFile; fileRef = DAAE5BF72808A7AE0004E1CC /* CategoriesViewController.swift */; };
		DAAE5BFA2808A7E40004E1CC /* CategoriesInteractor.swift in Sources */ = {isa = PBXBuildFile; fileRef = DAAE5BF92808A7E40004E1CC /* CategoriesInteractor.swift */; };
		DAAE5BFC2808A7ED0004E1CC /* CategoriesPresenter.swift in Sources */ = {isa = PBXBuildFile; fileRef = DAAE5BFB2808A7ED0004E1CC /* CategoriesPresenter.swift */; };
		DAAE5BFE2808A7F80004E1CC /* CategoriesFactory.swift in Sources */ = {isa = PBXBuildFile; fileRef = DAAE5BFD2808A7F80004E1CC /* CategoriesFactory.swift */; };
		DAAE5C012808AC2D0004E1CC /* CategoriesCell.swift in Sources */ = {isa = PBXBuildFile; fileRef = DAAE5C002808AC2D0004E1CC /* CategoriesCell.swift */; };
		DAB6300C27E9323D005ACE9B /* ConfigCellModel.swift in Sources */ = {isa = PBXBuildFile; fileRef = DAB6300B27E9323D005ACE9B /* ConfigCellModel.swift */; };
		DAB6300E27E934B7005ACE9B /* ConfigCoordinator.swift in Sources */ = {isa = PBXBuildFile; fileRef = DAB6300D27E934B7005ACE9B /* ConfigCoordinator.swift */; };
		DAD7B89327C04E9B0076D4CC /* LoginViewController.swift in Sources */ = {isa = PBXBuildFile; fileRef = DAD7B89227C04E9B0076D4CC /* LoginViewController.swift */; };
		DAD7B89627C050850076D4CC /* MapKit.framework in Frameworks */ = {isa = PBXBuildFile; fileRef = DAD7B89527C050850076D4CC /* MapKit.framework */; };
		DAD95EB327D17EB90067A653 /* TaskCell.swift in Sources */ = {isa = PBXBuildFile; fileRef = DAD95EB227D17EB90067A653 /* TaskCell.swift */; };
		DAEA386927DFF3AE00152ECE /* LoginInteractor.swift in Sources */ = {isa = PBXBuildFile; fileRef = DAEA386827DFF3AE00152ECE /* LoginInteractor.swift */; };
		DAEA386B27DFF3B800152ECE /* LoginPresenter.swift in Sources */ = {isa = PBXBuildFile; fileRef = DAEA386A27DFF3B800152ECE /* LoginPresenter.swift */; };
		DAEA386D27DFF3CA00152ECE /* LoginFactory.swift in Sources */ = {isa = PBXBuildFile; fileRef = DAEA386C27DFF3CA00152ECE /* LoginFactory.swift */; };
		DAEA386F27DFF3D400152ECE /* LoginCoodinator.swift in Sources */ = {isa = PBXBuildFile; fileRef = DAEA386E27DFF3D400152ECE /* LoginCoodinator.swift */; };
/* End PBXBuildFile section */

/* Begin PBXFileReference section */
		13B6EA8E6C42596949D1A2A8 /* Pods_profocus.framework */ = {isa = PBXFileReference; explicitFileType = wrapper.framework; includeInIndex = 0; path = Pods_profocus.framework; sourceTree = BUILT_PRODUCTS_DIR; };
		92D5E515F67AA77205EF6EC0 /* Pods-profocus.release.xcconfig */ = {isa = PBXFileReference; includeInIndex = 1; lastKnownFileType = text.xcconfig; name = "Pods-profocus.release.xcconfig"; path = "Target Support Files/Pods-profocus/Pods-profocus.release.xcconfig"; sourceTree = "<group>"; };
		DA13CD0B27C6FCFB0084FAB8 /* UserModel.swift */ = {isa = PBXFileReference; lastKnownFileType = sourcecode.swift; path = UserModel.swift; sourceTree = "<group>"; };
		DA17BFF127BB06BA0047CEBA /* profocus.app */ = {isa = PBXFileReference; explicitFileType = wrapper.application; includeInIndex = 0; path = profocus.app; sourceTree = BUILT_PRODUCTS_DIR; };
		DA17BFF427BB06BA0047CEBA /* AppDelegate.swift */ = {isa = PBXFileReference; lastKnownFileType = sourcecode.swift; path = AppDelegate.swift; sourceTree = "<group>"; };
		DA17BFF627BB06BA0047CEBA /* SceneDelegate.swift */ = {isa = PBXFileReference; lastKnownFileType = sourcecode.swift; path = SceneDelegate.swift; sourceTree = "<group>"; };
		DA17BFF827BB06BA0047CEBA /* TimerViewController.swift */ = {isa = PBXFileReference; lastKnownFileType = sourcecode.swift; path = TimerViewController.swift; sourceTree = "<group>"; };
		DA17BFFD27BB06BC0047CEBA /* Assets.xcassets */ = {isa = PBXFileReference; lastKnownFileType = folder.assetcatalog; path = Assets.xcassets; sourceTree = "<group>"; };
		DA17C00027BB06BC0047CEBA /* Base */ = {isa = PBXFileReference; lastKnownFileType = file.storyboard; name = Base; path = Base.lproj/LaunchScreen.storyboard; sourceTree = "<group>"; };
		DA17C00227BB06BC0047CEBA /* Info.plist */ = {isa = PBXFileReference; lastKnownFileType = text.plist.xml; path = Info.plist; sourceTree = "<group>"; };
		DA3857D527E2AE2F00F531D1 /* UserInfo.xcdatamodel */ = {isa = PBXFileReference; lastKnownFileType = wrapper.xcdatamodel; path = UserInfo.xcdatamodel; sourceTree = "<group>"; };
		DA3857D827E2B7CA00F531D1 /* ConfigViewController.swift */ = {isa = PBXFileReference; lastKnownFileType = sourcecode.swift; path = ConfigViewController.swift; sourceTree = "<group>"; };
		DA3857DA27E2B7D700F531D1 /* ConfigInteractor.swift */ = {isa = PBXFileReference; lastKnownFileType = sourcecode.swift; path = ConfigInteractor.swift; sourceTree = "<group>"; };
		DA3857DC27E2B7E200F531D1 /* ConfigPresenter.swift */ = {isa = PBXFileReference; lastKnownFileType = sourcecode.swift; path = ConfigPresenter.swift; sourceTree = "<group>"; };
		DA3857DE27E2B7FC00F531D1 /* ConfigFactory.swift */ = {isa = PBXFileReference; lastKnownFileType = sourcecode.swift; path = ConfigFactory.swift; sourceTree = "<group>"; };
		DA40A3F927D80E5700892E10 /* AnalyticsViewController.swift */ = {isa = PBXFileReference; lastKnownFileType = sourcecode.swift; path = AnalyticsViewController.swift; sourceTree = "<group>"; };
		DA40A3FB27D80E6D00892E10 /* AnalyticsInteractor.swift */ = {isa = PBXFileReference; lastKnownFileType = sourcecode.swift; path = AnalyticsInteractor.swift; sourceTree = "<group>"; };
		DA40A3FD27D80E7600892E10 /* AnalyticsPresenter.swift */ = {isa = PBXFileReference; lastKnownFileType = sourcecode.swift; path = AnalyticsPresenter.swift; sourceTree = "<group>"; };
		DA40A3FF27D80E8D00892E10 /* AnalyticsFactory.swift */ = {isa = PBXFileReference; lastKnownFileType = sourcecode.swift; path = AnalyticsFactory.swift; sourceTree = "<group>"; };
		DA4747C827FFAF49009DAF76 /* AddTaskViewController.swift */ = {isa = PBXFileReference; lastKnownFileType = sourcecode.swift; path = AddTaskViewController.swift; sourceTree = "<group>"; };
		DA4747CA27FFAF59009DAF76 /* AddTaskInteractor.swift */ = {isa = PBXFileReference; lastKnownFileType = sourcecode.swift; path = AddTaskInteractor.swift; sourceTree = "<group>"; };
		DA4747CC27FFAF64009DAF76 /* AddTaskPresenter.swift */ = {isa = PBXFileReference; lastKnownFileType = sourcecode.swift; path = AddTaskPresenter.swift; sourceTree = "<group>"; };
		DA4747CE27FFAF79009DAF76 /* AddTaskCoordinator.swift */ = {isa = PBXFileReference; lastKnownFileType = sourcecode.swift; path = AddTaskCoordinator.swift; sourceTree = "<group>"; };
		DA4747D027FFAF88009DAF76 /* AddTaskFactory.swift */ = {isa = PBXFileReference; lastKnownFileType = sourcecode.swift; path = AddTaskFactory.swift; sourceTree = "<group>"; };
		DA714DE427E3F7DC008C5AD0 /* ConfigCell.swift */ = {isa = PBXFileReference; lastKnownFileType = sourcecode.swift; path = ConfigCell.swift; sourceTree = "<group>"; };
		DA8391D927C8459F00071450 /* TabBar.swift */ = {isa = PBXFileReference; lastKnownFileType = sourcecode.swift; path = TabBar.swift; sourceTree = "<group>"; };
		DA8391DC27C8508300071450 /* TasksViewController.swift */ = {isa = PBXFileReference; lastKnownFileType = sourcecode.swift; path = TasksViewController.swift; sourceTree = "<group>"; };
		DA8391DE27C8509500071450 /* TasksInteractor.swift */ = {isa = PBXFileReference; lastKnownFileType = sourcecode.swift; path = TasksInteractor.swift; sourceTree = "<group>"; };
		DA8391E027C850A000071450 /* TasksPresenter.swift */ = {isa = PBXFileReference; lastKnownFileType = sourcecode.swift; path = TasksPresenter.swift; sourceTree = "<group>"; };
		DA8391E227C850B100071450 /* TasksCoordinator.swift */ = {isa = PBXFileReference; lastKnownFileType = sourcecode.swift; path = TasksCoordinator.swift; sourceTree = "<group>"; };
		DA8391E427C850CE00071450 /* TasksFactory.swift */ = {isa = PBXFileReference; lastKnownFileType = sourcecode.swift; path = TasksFactory.swift; sourceTree = "<group>"; };
		DA93A02827C4490500F6B322 /* Task.xcdatamodel */ = {isa = PBXFileReference; lastKnownFileType = wrapper.xcdatamodel; path = Task.xcdatamodel; sourceTree = "<group>"; };
		DA93A02A27C44BE400F6B322 /* TimerInteractor.swift */ = {isa = PBXFileReference; lastKnownFileType = sourcecode.swift; path = TimerInteractor.swift; sourceTree = "<group>"; };
		DA93A02C27C44BEC00F6B322 /* TimerPresenter.swift */ = {isa = PBXFileReference; lastKnownFileType = sourcecode.swift; path = TimerPresenter.swift; sourceTree = "<group>"; };
		DA93A02E27C44C0200F6B322 /* TimerFactory.swift */ = {isa = PBXFileReference; lastKnownFileType = sourcecode.swift; path = TimerFactory.swift; sourceTree = "<group>"; };
		DA93A03027C44C1400F6B322 /* TimerCoordinator.swift */ = {isa = PBXFileReference; lastKnownFileType = sourcecode.swift; path = TimerCoordinator.swift; sourceTree = "<group>"; };
		DAAE5BF72808A7AE0004E1CC /* CategoriesViewController.swift */ = {isa = PBXFileReference; lastKnownFileType = sourcecode.swift; path = CategoriesViewController.swift; sourceTree = "<group>"; };
		DAAE5BF92808A7E40004E1CC /* CategoriesInteractor.swift */ = {isa = PBXFileReference; lastKnownFileType = sourcecode.swift; path = CategoriesInteractor.swift; sourceTree = "<group>"; };
		DAAE5BFB2808A7ED0004E1CC /* CategoriesPresenter.swift */ = {isa = PBXFileReference; lastKnownFileType = sourcecode.swift; path = CategoriesPresenter.swift; sourceTree = "<group>"; };
		DAAE5BFD2808A7F80004E1CC /* CategoriesFactory.swift */ = {isa = PBXFileReference; lastKnownFileType = sourcecode.swift; path = CategoriesFactory.swift; sourceTree = "<group>"; };
		DAAE5C002808AC2D0004E1CC /* CategoriesCell.swift */ = {isa = PBXFileReference; lastKnownFileType = sourcecode.swift; path = CategoriesCell.swift; sourceTree = "<group>"; };
		DAB6300B27E9323D005ACE9B /* ConfigCellModel.swift */ = {isa = PBXFileReference; lastKnownFileType = sourcecode.swift; path = ConfigCellModel.swift; sourceTree = "<group>"; };
		DAB6300D27E934B7005ACE9B /* ConfigCoordinator.swift */ = {isa = PBXFileReference; lastKnownFileType = sourcecode.swift; path = ConfigCoordinator.swift; sourceTree = "<group>"; };
		DAD7B89227C04E9B0076D4CC /* LoginViewController.swift */ = {isa = PBXFileReference; lastKnownFileType = sourcecode.swift; path = LoginViewController.swift; sourceTree = "<group>"; };
		DAD7B89527C050850076D4CC /* MapKit.framework */ = {isa = PBXFileReference; lastKnownFileType = wrapper.framework; name = MapKit.framework; path = System/Library/Frameworks/MapKit.framework; sourceTree = SDKROOT; };
		DAD95EB227D17EB90067A653 /* TaskCell.swift */ = {isa = PBXFileReference; lastKnownFileType = sourcecode.swift; path = TaskCell.swift; sourceTree = "<group>"; };
		DAEA386727DFEC7600152ECE /* profocus.entitlements */ = {isa = PBXFileReference; lastKnownFileType = text.plist.entitlements; path = profocus.entitlements; sourceTree = "<group>"; };
		DAEA386827DFF3AE00152ECE /* LoginInteractor.swift */ = {isa = PBXFileReference; lastKnownFileType = sourcecode.swift; path = LoginInteractor.swift; sourceTree = "<group>"; };
		DAEA386A27DFF3B800152ECE /* LoginPresenter.swift */ = {isa = PBXFileReference; lastKnownFileType = sourcecode.swift; path = LoginPresenter.swift; sourceTree = "<group>"; };
		DAEA386C27DFF3CA00152ECE /* LoginFactory.swift */ = {isa = PBXFileReference; lastKnownFileType = sourcecode.swift; path = LoginFactory.swift; sourceTree = "<group>"; };
		DAEA386E27DFF3D400152ECE /* LoginCoodinator.swift */ = {isa = PBXFileReference; lastKnownFileType = sourcecode.swift; path = LoginCoodinator.swift; sourceTree = "<group>"; };
		E44D13C451E02AB2623B3FA2 /* Pods-profocus.debug.xcconfig */ = {isa = PBXFileReference; includeInIndex = 1; lastKnownFileType = text.xcconfig; name = "Pods-profocus.debug.xcconfig"; path = "Target Support Files/Pods-profocus/Pods-profocus.debug.xcconfig"; sourceTree = "<group>"; };
/* End PBXFileReference section */

/* Begin PBXFrameworksBuildPhase section */
		DA17BFEE27BB06BA0047CEBA /* Frameworks */ = {
			isa = PBXFrameworksBuildPhase;
			buildActionMask = 2147483647;
			files = (
				DAD7B89627C050850076D4CC /* MapKit.framework in Frameworks */,
				BE022002945E2CFE352BAC9F /* Pods_profocus.framework in Frameworks */,
			);
			runOnlyForDeploymentPostprocessing = 0;
		};
/* End PBXFrameworksBuildPhase section */

/* Begin PBXGroup section */
		6C93E8A8A14B5F8A7EED3935 /* Pods */ = {
			isa = PBXGroup;
			children = (
				E44D13C451E02AB2623B3FA2 /* Pods-profocus.debug.xcconfig */,
				92D5E515F67AA77205EF6EC0 /* Pods-profocus.release.xcconfig */,
			);
			path = Pods;
			sourceTree = "<group>";
		};
		DA13CD0A27C6FCD80084FAB8 /* Models */ = {
			isa = PBXGroup;
			children = (
				DA13CD0B27C6FCFB0084FAB8 /* UserModel.swift */,
				DAB6300B27E9323D005ACE9B /* ConfigCellModel.swift */,
			);
			path = Models;
			sourceTree = "<group>";
		};
		DA17BFE827BB06BA0047CEBA = {
			isa = PBXGroup;
			children = (
				DA17BFF327BB06BA0047CEBA /* profocus */,
				DA17BFF227BB06BA0047CEBA /* Products */,
				DAD7B89427C050850076D4CC /* Frameworks */,
				6C93E8A8A14B5F8A7EED3935 /* Pods */,
			);
			sourceTree = "<group>";
		};
		DA17BFF227BB06BA0047CEBA /* Products */ = {
			isa = PBXGroup;
			children = (
				DA17BFF127BB06BA0047CEBA /* profocus.app */,
			);
			name = Products;
			sourceTree = "<group>";
		};
		DA17BFF327BB06BA0047CEBA /* profocus */ = {
			isa = PBXGroup;
			children = (
				DAEA386727DFEC7600152ECE /* profocus.entitlements */,
				DA17C00227BB06BC0047CEBA /* Info.plist */,
				DA17BFFD27BB06BC0047CEBA /* Assets.xcassets */,
				DA17BFFF27BB06BC0047CEBA /* LaunchScreen.storyboard */,
				DAD7B88E27C04C670076D4CC /* Resources */,
				DAD7B88F27C04C970076D4CC /* Scenes */,
				DA93A02727C4490500F6B322 /* Task.xcdatamodeld */,
				DA3857D427E2AE2F00F531D1 /* UserInfo.xcdatamodeld */,
			);
			path = profocus;
			sourceTree = "<group>";
		};
		DA3857D727E2B7B200F531D1 /* Config */ = {
			isa = PBXGroup;
			children = (
				DAB6300D27E934B7005ACE9B /* ConfigCoordinator.swift */,
				DA3857DE27E2B7FC00F531D1 /* ConfigFactory.swift */,
				DA3857DA27E2B7D700F531D1 /* ConfigInteractor.swift */,
				DA3857DC27E2B7E200F531D1 /* ConfigPresenter.swift */,
				DA3857D827E2B7CA00F531D1 /* ConfigViewController.swift */,
				DA714DE327E3F7C3008C5AD0 /* Cells */,
			);
			path = Config;
			sourceTree = "<group>";
		};
		DA40A3F827D80E3700892E10 /* Analytics */ = {
			isa = PBXGroup;
			children = (
				DA40A3F927D80E5700892E10 /* AnalyticsViewController.swift */,
				DA40A3FB27D80E6D00892E10 /* AnalyticsInteractor.swift */,
				DA40A3FD27D80E7600892E10 /* AnalyticsPresenter.swift */,
				DA40A3FF27D80E8D00892E10 /* AnalyticsFactory.swift */,
			);
			path = Analytics;
			sourceTree = "<group>";
		};
		DA4747C727FFAEEA009DAF76 /* AddTasks */ = {
			isa = PBXGroup;
			children = (
				DA4747C827FFAF49009DAF76 /* AddTaskViewController.swift */,
				DA4747CA27FFAF59009DAF76 /* AddTaskInteractor.swift */,
				DA4747CC27FFAF64009DAF76 /* AddTaskPresenter.swift */,
				DA4747CE27FFAF79009DAF76 /* AddTaskCoordinator.swift */,
				DA4747D027FFAF88009DAF76 /* AddTaskFactory.swift */,
			);
			path = AddTasks;
			sourceTree = "<group>";
		};
		DA714DE327E3F7C3008C5AD0 /* Cells */ = {
			isa = PBXGroup;
			children = (
				DA714DE427E3F7DC008C5AD0 /* ConfigCell.swift */,
			);
			path = Cells;
			sourceTree = "<group>";
		};
		DA8391DB27C8506300071450 /* Tasks */ = {
			isa = PBXGroup;
			children = (
				DA8391E227C850B100071450 /* TasksCoordinator.swift */,
				DA8391E427C850CE00071450 /* TasksFactory.swift */,
				DA8391DE27C8509500071450 /* TasksInteractor.swift */,
				DA8391E027C850A000071450 /* TasksPresenter.swift */,
				DA8391DC27C8508300071450 /* TasksViewController.swift */,
				DAD95EB127D17EA70067A653 /* Cells */,
			);
			path = Tasks;
			sourceTree = "<group>";
		};
		DAAE5BF62808A77C0004E1CC /* Categories */ = {
			isa = PBXGroup;
			children = (
				DAAE5BFF2808AC1D0004E1CC /* Cells */,
				DAAE5BF72808A7AE0004E1CC /* CategoriesViewController.swift */,
				DAAE5BF92808A7E40004E1CC /* CategoriesInteractor.swift */,
				DAAE5BFB2808A7ED0004E1CC /* CategoriesPresenter.swift */,
				DAAE5BFD2808A7F80004E1CC /* CategoriesFactory.swift */,
			);
			path = Categories;
			sourceTree = "<group>";
		};
		DAAE5BFF2808AC1D0004E1CC /* Cells */ = {
			isa = PBXGroup;
			children = (
				DAAE5C002808AC2D0004E1CC /* CategoriesCell.swift */,
			);
			path = Cells;
			sourceTree = "<group>";
		};
		DAD7B88E27C04C670076D4CC /* Resources */ = {
			isa = PBXGroup;
			children = (
				DA17BFF427BB06BA0047CEBA /* AppDelegate.swift */,
				DA17BFF627BB06BA0047CEBA /* SceneDelegate.swift */,
				DA8391D927C8459F00071450 /* TabBar.swift */,
			);
			path = Resources;
			sourceTree = "<group>";
		};
		DAD7B88F27C04C970076D4CC /* Scenes */ = {
			isa = PBXGroup;
			children = (
				DA4747C727FFAEEA009DAF76 /* AddTasks */,
				DA40A3F827D80E3700892E10 /* Analytics */,
				DAAE5BF62808A77C0004E1CC /* Categories */,
				DA3857D727E2B7B200F531D1 /* Config */,
				DAD7B89127C04E870076D4CC /* Login */,
				DA13CD0A27C6FCD80084FAB8 /* Models */,
				DA8391DB27C8506300071450 /* Tasks */,
				DAD7B89027C04E6D0076D4CC /* Timer */,
			);
			path = Scenes;
			sourceTree = "<group>";
		};
		DAD7B89027C04E6D0076D4CC /* Timer */ = {
			isa = PBXGroup;
			children = (
				DA93A03027C44C1400F6B322 /* TimerCoordinator.swift */,
				DA93A02E27C44C0200F6B322 /* TimerFactory.swift */,
				DA93A02A27C44BE400F6B322 /* TimerInteractor.swift */,
				DA93A02C27C44BEC00F6B322 /* TimerPresenter.swift */,
				DA17BFF827BB06BA0047CEBA /* TimerViewController.swift */,
			);
			path = Timer;
			sourceTree = "<group>";
		};
		DAD7B89127C04E870076D4CC /* Login */ = {
			isa = PBXGroup;
			children = (
				DAD7B89227C04E9B0076D4CC /* LoginViewController.swift */,
				DAEA386827DFF3AE00152ECE /* LoginInteractor.swift */,
				DAEA386A27DFF3B800152ECE /* LoginPresenter.swift */,
				DAEA386C27DFF3CA00152ECE /* LoginFactory.swift */,
				DAEA386E27DFF3D400152ECE /* LoginCoodinator.swift */,
			);
			path = Login;
			sourceTree = "<group>";
		};
		DAD7B89427C050850076D4CC /* Frameworks */ = {
			isa = PBXGroup;
			children = (
				DAD7B89527C050850076D4CC /* MapKit.framework */,
				13B6EA8E6C42596949D1A2A8 /* Pods_profocus.framework */,
			);
			name = Frameworks;
			sourceTree = "<group>";
		};
		DAD95EB127D17EA70067A653 /* Cells */ = {
			isa = PBXGroup;
			children = (
				DAD95EB227D17EB90067A653 /* TaskCell.swift */,
			);
			path = Cells;
			sourceTree = "<group>";
		};
/* End PBXGroup section */

/* Begin PBXNativeTarget section */
		DA17BFF027BB06BA0047CEBA /* profocus */ = {
			isa = PBXNativeTarget;
			buildConfigurationList = DA17C00527BB06BC0047CEBA /* Build configuration list for PBXNativeTarget "profocus" */;
			buildPhases = (
				73E729FD47D0B7CA3EC9F8DC /* [CP] Check Pods Manifest.lock */,
				DA17BFED27BB06BA0047CEBA /* Sources */,
				DA17BFEE27BB06BA0047CEBA /* Frameworks */,
				DA17BFEF27BB06BA0047CEBA /* Resources */,
				09FAFF7FC8BC48AD87F31035 /* [CP] Embed Pods Frameworks */,
			);
			buildRules = (
			);
			dependencies = (
			);
			name = profocus;
			productName = profocus;
			productReference = DA17BFF127BB06BA0047CEBA /* profocus.app */;
			productType = "com.apple.product-type.application";
		};
/* End PBXNativeTarget section */

/* Begin PBXProject section */
		DA17BFE927BB06BA0047CEBA /* Project object */ = {
			isa = PBXProject;
			attributes = {
				BuildIndependentTargetsInParallel = 1;
				LastSwiftUpdateCheck = 1320;
				LastUpgradeCheck = 1320;
				TargetAttributes = {
					DA17BFF027BB06BA0047CEBA = {
						CreatedOnToolsVersion = 13.2.1;
					};
				};
			};
			buildConfigurationList = DA17BFEC27BB06BA0047CEBA /* Build configuration list for PBXProject "profocus" */;
			compatibilityVersion = "Xcode 13.0";
			developmentRegion = en;
			hasScannedForEncodings = 0;
			knownRegions = (
				en,
				Base,
			);
			mainGroup = DA17BFE827BB06BA0047CEBA;
			productRefGroup = DA17BFF227BB06BA0047CEBA /* Products */;
			projectDirPath = "";
			projectRoot = "";
			targets = (
				DA17BFF027BB06BA0047CEBA /* profocus */,
			);
		};
/* End PBXProject section */

/* Begin PBXResourcesBuildPhase section */
		DA17BFEF27BB06BA0047CEBA /* Resources */ = {
			isa = PBXResourcesBuildPhase;
			buildActionMask = 2147483647;
			files = (
				DA17C00127BB06BC0047CEBA /* LaunchScreen.storyboard in Resources */,
				DA17BFFE27BB06BC0047CEBA /* Assets.xcassets in Resources */,
			);
			runOnlyForDeploymentPostprocessing = 0;
		};
/* End PBXResourcesBuildPhase section */

/* Begin PBXShellScriptBuildPhase section */
		09FAFF7FC8BC48AD87F31035 /* [CP] Embed Pods Frameworks */ = {
			isa = PBXShellScriptBuildPhase;
			buildActionMask = 2147483647;
			files = (
			);
			inputFileListPaths = (
				"${PODS_ROOT}/Target Support Files/Pods-profocus/Pods-profocus-frameworks-${CONFIGURATION}-input-files.xcfilelist",
			);
			name = "[CP] Embed Pods Frameworks";
			outputFileListPaths = (
				"${PODS_ROOT}/Target Support Files/Pods-profocus/Pods-profocus-frameworks-${CONFIGURATION}-output-files.xcfilelist",
			);
			runOnlyForDeploymentPostprocessing = 0;
			shellPath = /bin/sh;
			shellScript = "\"${PODS_ROOT}/Target Support Files/Pods-profocus/Pods-profocus-frameworks.sh\"\n";
			showEnvVarsInLog = 0;
		};
		73E729FD47D0B7CA3EC9F8DC /* [CP] Check Pods Manifest.lock */ = {
			isa = PBXShellScriptBuildPhase;
			buildActionMask = 2147483647;
			files = (
			);
			inputFileListPaths = (
			);
			inputPaths = (
				"${PODS_PODFILE_DIR_PATH}/Podfile.lock",
				"${PODS_ROOT}/Manifest.lock",
			);
			name = "[CP] Check Pods Manifest.lock";
			outputFileListPaths = (
			);
			outputPaths = (
				"$(DERIVED_FILE_DIR)/Pods-profocus-checkManifestLockResult.txt",
			);
			runOnlyForDeploymentPostprocessing = 0;
			shellPath = /bin/sh;
			shellScript = "diff \"${PODS_PODFILE_DIR_PATH}/Podfile.lock\" \"${PODS_ROOT}/Manifest.lock\" > /dev/null\nif [ $? != 0 ] ; then\n    # print error to STDERR\n    echo \"error: The sandbox is not in sync with the Podfile.lock. Run 'pod install' or update your CocoaPods installation.\" >&2\n    exit 1\nfi\n# This output is used by Xcode 'outputs' to avoid re-running this script phase.\necho \"SUCCESS\" > \"${SCRIPT_OUTPUT_FILE_0}\"\n";
			showEnvVarsInLog = 0;
		};
/* End PBXShellScriptBuildPhase section */

/* Begin PBXSourcesBuildPhase section */
		DA17BFED27BB06BA0047CEBA /* Sources */ = {
			isa = PBXSourcesBuildPhase;
			buildActionMask = 2147483647;
			files = (
				DA3857D627E2AE2F00F531D1 /* UserInfo.xcdatamodeld in Sources */,
				DA4747CD27FFAF64009DAF76 /* AddTaskPresenter.swift in Sources */,
				DAAE5BFE2808A7F80004E1CC /* CategoriesFactory.swift in Sources */,
				DAAE5BFC2808A7ED0004E1CC /* CategoriesPresenter.swift in Sources */,
				DA93A02B27C44BE400F6B322 /* TimerInteractor.swift in Sources */,
				DAD95EB327D17EB90067A653 /* TaskCell.swift in Sources */,
				DA3857DD27E2B7E200F531D1 /* ConfigPresenter.swift in Sources */,
				DA4747CB27FFAF59009DAF76 /* AddTaskInteractor.swift in Sources */,
				DA714DE527E3F7DC008C5AD0 /* ConfigCell.swift in Sources */,
				DAEA386B27DFF3B800152ECE /* LoginPresenter.swift in Sources */,
				DAD7B89327C04E9B0076D4CC /* LoginViewController.swift in Sources */,
				DAB6300E27E934B7005ACE9B /* ConfigCoordinator.swift in Sources */,
				DA17BFF927BB06BA0047CEBA /* TimerViewController.swift in Sources */,
				DA93A03127C44C1400F6B322 /* TimerCoordinator.swift in Sources */,
				DA40A40027D80E8D00892E10 /* AnalyticsFactory.swift in Sources */,
				DA93A02D27C44BEC00F6B322 /* TimerPresenter.swift in Sources */,
				DAAE5BFA2808A7E40004E1CC /* CategoriesInteractor.swift in Sources */,
				DA8391DD27C8508300071450 /* TasksViewController.swift in Sources */,
				DA17BFF527BB06BA0047CEBA /* AppDelegate.swift in Sources */,
				DA8391E327C850B100071450 /* TasksCoordinator.swift in Sources */,
				DA4747CF27FFAF79009DAF76 /* AddTaskCoordinator.swift in Sources */,
				DA8391E127C850A000071450 /* TasksPresenter.swift in Sources */,
				DA93A02927C4490500F6B322 /* Task.xcdatamodeld in Sources */,
				DAEA386927DFF3AE00152ECE /* LoginInteractor.swift in Sources */,
				DAEA386D27DFF3CA00152ECE /* LoginFactory.swift in Sources */,
				DAEA386F27DFF3D400152ECE /* LoginCoodinator.swift in Sources */,
				DA3857DF27E2B7FC00F531D1 /* ConfigFactory.swift in Sources */,
				DAAE5C012808AC2D0004E1CC /* CategoriesCell.swift in Sources */,
				DA40A3FA27D80E5700892E10 /* AnalyticsViewController.swift in Sources */,
				DA93A02F27C44C0200F6B322 /* TimerFactory.swift in Sources */,
				DA8391E527C850CE00071450 /* TasksFactory.swift in Sources */,
				DAB6300C27E9323D005ACE9B /* ConfigCellModel.swift in Sources */,
				DA8391DA27C8459F00071450 /* TabBar.swift in Sources */,
				DA13CD0C27C6FCFB0084FAB8 /* UserModel.swift in Sources */,
				DA17BFF727BB06BA0047CEBA /* SceneDelegate.swift in Sources */,
				DA4747D127FFAF88009DAF76 /* AddTaskFactory.swift in Sources */,
				DA40A3FC27D80E6D00892E10 /* AnalyticsInteractor.swift in Sources */,
				DA4747C927FFAF49009DAF76 /* AddTaskViewController.swift in Sources */,
				DA8391DF27C8509500071450 /* TasksInteractor.swift in Sources */,
				DA40A3FE27D80E7600892E10 /* AnalyticsPresenter.swift in Sources */,
				DA3857DB27E2B7D700F531D1 /* ConfigInteractor.swift in Sources */,
				DA3857D927E2B7CA00F531D1 /* ConfigViewController.swift in Sources */,
				DAAE5BF82808A7AE0004E1CC /* CategoriesViewController.swift in Sources */,
			);
			runOnlyForDeploymentPostprocessing = 0;
		};
/* End PBXSourcesBuildPhase section */

/* Begin PBXVariantGroup section */
		DA17BFFF27BB06BC0047CEBA /* LaunchScreen.storyboard */ = {
			isa = PBXVariantGroup;
			children = (
				DA17C00027BB06BC0047CEBA /* Base */,
			);
			name = LaunchScreen.storyboard;
			sourceTree = "<group>";
		};
/* End PBXVariantGroup section */

/* Begin XCBuildConfiguration section */
		DA17C00327BB06BC0047CEBA /* Debug */ = {
			isa = XCBuildConfiguration;
			buildSettings = {
				ALWAYS_SEARCH_USER_PATHS = NO;
				CLANG_ANALYZER_NONNULL = YES;
				CLANG_ANALYZER_NUMBER_OBJECT_CONVERSION = YES_AGGRESSIVE;
				CLANG_CXX_LANGUAGE_STANDARD = "gnu++17";
				CLANG_CXX_LIBRARY = "libc++";
				CLANG_ENABLE_MODULES = YES;
				CLANG_ENABLE_OBJC_ARC = YES;
				CLANG_ENABLE_OBJC_WEAK = YES;
				CLANG_WARN_BLOCK_CAPTURE_AUTORELEASING = YES;
				CLANG_WARN_BOOL_CONVERSION = YES;
				CLANG_WARN_COMMA = YES;
				CLANG_WARN_CONSTANT_CONVERSION = YES;
				CLANG_WARN_DEPRECATED_OBJC_IMPLEMENTATIONS = YES;
				CLANG_WARN_DIRECT_OBJC_ISA_USAGE = YES_ERROR;
				CLANG_WARN_DOCUMENTATION_COMMENTS = YES;
				CLANG_WARN_EMPTY_BODY = YES;
				CLANG_WARN_ENUM_CONVERSION = YES;
				CLANG_WARN_INFINITE_RECURSION = YES;
				CLANG_WARN_INT_CONVERSION = YES;
				CLANG_WARN_NON_LITERAL_NULL_CONVERSION = YES;
				CLANG_WARN_OBJC_IMPLICIT_RETAIN_SELF = YES;
				CLANG_WARN_OBJC_LITERAL_CONVERSION = YES;
				CLANG_WARN_OBJC_ROOT_CLASS = YES_ERROR;
				CLANG_WARN_QUOTED_INCLUDE_IN_FRAMEWORK_HEADER = YES;
				CLANG_WARN_RANGE_LOOP_ANALYSIS = YES;
				CLANG_WARN_STRICT_PROTOTYPES = YES;
				CLANG_WARN_SUSPICIOUS_MOVE = YES;
				CLANG_WARN_UNGUARDED_AVAILABILITY = YES_AGGRESSIVE;
				CLANG_WARN_UNREACHABLE_CODE = YES;
				CLANG_WARN__DUPLICATE_METHOD_MATCH = YES;
				COPY_PHASE_STRIP = NO;
				DEBUG_INFORMATION_FORMAT = dwarf;
				ENABLE_STRICT_OBJC_MSGSEND = YES;
				ENABLE_TESTABILITY = YES;
				GCC_C_LANGUAGE_STANDARD = gnu11;
				GCC_DYNAMIC_NO_PIC = NO;
				GCC_NO_COMMON_BLOCKS = YES;
				GCC_OPTIMIZATION_LEVEL = 0;
				GCC_PREPROCESSOR_DEFINITIONS = (
					"DEBUG=1",
					"$(inherited)",
				);
				GCC_WARN_64_TO_32_BIT_CONVERSION = YES;
				GCC_WARN_ABOUT_RETURN_TYPE = YES_ERROR;
				GCC_WARN_UNDECLARED_SELECTOR = YES;
				GCC_WARN_UNINITIALIZED_AUTOS = YES_AGGRESSIVE;
				GCC_WARN_UNUSED_FUNCTION = YES;
				GCC_WARN_UNUSED_VARIABLE = YES;
				IPHONEOS_DEPLOYMENT_TARGET = 15.2;
				MTL_ENABLE_DEBUG_INFO = INCLUDE_SOURCE;
				MTL_FAST_MATH = YES;
				ONLY_ACTIVE_ARCH = YES;
				SDKROOT = iphoneos;
				SWIFT_ACTIVE_COMPILATION_CONDITIONS = DEBUG;
				SWIFT_OPTIMIZATION_LEVEL = "-Onone";
			};
			name = Debug;
		};
		DA17C00427BB06BC0047CEBA /* Release */ = {
			isa = XCBuildConfiguration;
			buildSettings = {
				ALWAYS_SEARCH_USER_PATHS = NO;
				CLANG_ANALYZER_NONNULL = YES;
				CLANG_ANALYZER_NUMBER_OBJECT_CONVERSION = YES_AGGRESSIVE;
				CLANG_CXX_LANGUAGE_STANDARD = "gnu++17";
				CLANG_CXX_LIBRARY = "libc++";
				CLANG_ENABLE_MODULES = YES;
				CLANG_ENABLE_OBJC_ARC = YES;
				CLANG_ENABLE_OBJC_WEAK = YES;
				CLANG_WARN_BLOCK_CAPTURE_AUTORELEASING = YES;
				CLANG_WARN_BOOL_CONVERSION = YES;
				CLANG_WARN_COMMA = YES;
				CLANG_WARN_CONSTANT_CONVERSION = YES;
				CLANG_WARN_DEPRECATED_OBJC_IMPLEMENTATIONS = YES;
				CLANG_WARN_DIRECT_OBJC_ISA_USAGE = YES_ERROR;
				CLANG_WARN_DOCUMENTATION_COMMENTS = YES;
				CLANG_WARN_EMPTY_BODY = YES;
				CLANG_WARN_ENUM_CONVERSION = YES;
				CLANG_WARN_INFINITE_RECURSION = YES;
				CLANG_WARN_INT_CONVERSION = YES;
				CLANG_WARN_NON_LITERAL_NULL_CONVERSION = YES;
				CLANG_WARN_OBJC_IMPLICIT_RETAIN_SELF = YES;
				CLANG_WARN_OBJC_LITERAL_CONVERSION = YES;
				CLANG_WARN_OBJC_ROOT_CLASS = YES_ERROR;
				CLANG_WARN_QUOTED_INCLUDE_IN_FRAMEWORK_HEADER = YES;
				CLANG_WARN_RANGE_LOOP_ANALYSIS = YES;
				CLANG_WARN_STRICT_PROTOTYPES = YES;
				CLANG_WARN_SUSPICIOUS_MOVE = YES;
				CLANG_WARN_UNGUARDED_AVAILABILITY = YES_AGGRESSIVE;
				CLANG_WARN_UNREACHABLE_CODE = YES;
				CLANG_WARN__DUPLICATE_METHOD_MATCH = YES;
				COPY_PHASE_STRIP = NO;
				DEBUG_INFORMATION_FORMAT = "dwarf-with-dsym";
				ENABLE_NS_ASSERTIONS = NO;
				ENABLE_STRICT_OBJC_MSGSEND = YES;
				GCC_C_LANGUAGE_STANDARD = gnu11;
				GCC_NO_COMMON_BLOCKS = YES;
				GCC_WARN_64_TO_32_BIT_CONVERSION = YES;
				GCC_WARN_ABOUT_RETURN_TYPE = YES_ERROR;
				GCC_WARN_UNDECLARED_SELECTOR = YES;
				GCC_WARN_UNINITIALIZED_AUTOS = YES_AGGRESSIVE;
				GCC_WARN_UNUSED_FUNCTION = YES;
				GCC_WARN_UNUSED_VARIABLE = YES;
				IPHONEOS_DEPLOYMENT_TARGET = 15.2;
				MTL_ENABLE_DEBUG_INFO = NO;
				MTL_FAST_MATH = YES;
				SDKROOT = iphoneos;
				SWIFT_COMPILATION_MODE = wholemodule;
				SWIFT_OPTIMIZATION_LEVEL = "-O";
				VALIDATE_PRODUCT = YES;
			};
			name = Release;
		};
		DA17C00627BB06BC0047CEBA /* Debug */ = {
			isa = XCBuildConfiguration;
			baseConfigurationReference = E44D13C451E02AB2623B3FA2 /* Pods-profocus.debug.xcconfig */;
			buildSettings = {
				ASSETCATALOG_COMPILER_APPICON_NAME = AppIcon;
				ASSETCATALOG_COMPILER_GLOBAL_ACCENT_COLOR_NAME = AccentColor;
				CODE_SIGN_ENTITLEMENTS = profocus/profocus.entitlements;
				CODE_SIGN_STYLE = Automatic;
				CURRENT_PROJECT_VERSION = 1;
				DEVELOPMENT_TEAM = 9MXZLSN4X6;
				GENERATE_INFOPLIST_FILE = YES;
				INFOPLIST_FILE = profocus/Info.plist;
				INFOPLIST_KEY_NSPrincipalClass = "";
				INFOPLIST_KEY_UIApplicationSupportsIndirectInputEvents = YES;
				INFOPLIST_KEY_UILaunchStoryboardName = LaunchScreen;
				INFOPLIST_KEY_UISupportedInterfaceOrientations = UIInterfaceOrientationPortrait;
				INFOPLIST_KEY_UISupportedInterfaceOrientations_iPad = "UIInterfaceOrientationPortrait UIInterfaceOrientationPortraitUpsideDown UIInterfaceOrientationLandscapeLeft UIInterfaceOrientationLandscapeRight";
				INFOPLIST_KEY_UISupportedInterfaceOrientations_iPhone = "UIInterfaceOrientationPortrait UIInterfaceOrientationLandscapeLeft UIInterfaceOrientationLandscapeRight";
				LD_RUNPATH_SEARCH_PATHS = (
					"$(inherited)",
					"@executable_path/Frameworks",
				);
				MARKETING_VERSION = 1.0;
				PRODUCT_BUNDLE_IDENTIFIER = com.franklinmelo.profocus;
				PRODUCT_NAME = "$(TARGET_NAME)";
				SWIFT_EMIT_LOC_STRINGS = YES;
				SWIFT_VERSION = 5.0;
				TARGETED_DEVICE_FAMILY = "1,2";
			};
			name = Debug;
		};
		DA17C00727BB06BC0047CEBA /* Release */ = {
			isa = XCBuildConfiguration;
			baseConfigurationReference = 92D5E515F67AA77205EF6EC0 /* Pods-profocus.release.xcconfig */;
			buildSettings = {
				ASSETCATALOG_COMPILER_APPICON_NAME = AppIcon;
				ASSETCATALOG_COMPILER_GLOBAL_ACCENT_COLOR_NAME = AccentColor;
				CODE_SIGN_ENTITLEMENTS = profocus/profocus.entitlements;
				CODE_SIGN_STYLE = Automatic;
				CURRENT_PROJECT_VERSION = 1;
				DEVELOPMENT_TEAM = 9MXZLSN4X6;
				GENERATE_INFOPLIST_FILE = YES;
				INFOPLIST_FILE = profocus/Info.plist;
				INFOPLIST_KEY_NSPrincipalClass = "";
				INFOPLIST_KEY_UIApplicationSupportsIndirectInputEvents = YES;
				INFOPLIST_KEY_UILaunchStoryboardName = LaunchScreen;
				INFOPLIST_KEY_UISupportedInterfaceOrientations = UIInterfaceOrientationPortrait;
				INFOPLIST_KEY_UISupportedInterfaceOrientations_iPad = "UIInterfaceOrientationPortrait UIInterfaceOrientationPortraitUpsideDown UIInterfaceOrientationLandscapeLeft UIInterfaceOrientationLandscapeRight";
				INFOPLIST_KEY_UISupportedInterfaceOrientations_iPhone = "UIInterfaceOrientationPortrait UIInterfaceOrientationLandscapeLeft UIInterfaceOrientationLandscapeRight";
				LD_RUNPATH_SEARCH_PATHS = (
					"$(inherited)",
					"@executable_path/Frameworks",
				);
				MARKETING_VERSION = 1.0;
				PRODUCT_BUNDLE_IDENTIFIER = com.franklinmelo.profocus;
				PRODUCT_NAME = "$(TARGET_NAME)";
				SWIFT_EMIT_LOC_STRINGS = YES;
				SWIFT_VERSION = 5.0;
				TARGETED_DEVICE_FAMILY = "1,2";
			};
			name = Release;
		};
/* End XCBuildConfiguration section */

/* Begin XCConfigurationList section */
		DA17BFEC27BB06BA0047CEBA /* Build configuration list for PBXProject "profocus" */ = {
			isa = XCConfigurationList;
			buildConfigurations = (
				DA17C00327BB06BC0047CEBA /* Debug */,
				DA17C00427BB06BC0047CEBA /* Release */,
			);
			defaultConfigurationIsVisible = 0;
			defaultConfigurationName = Release;
		};
		DA17C00527BB06BC0047CEBA /* Build configuration list for PBXNativeTarget "profocus" */ = {
			isa = XCConfigurationList;
			buildConfigurations = (
				DA17C00627BB06BC0047CEBA /* Debug */,
				DA17C00727BB06BC0047CEBA /* Release */,
			);
			defaultConfigurationIsVisible = 0;
			defaultConfigurationName = Release;
		};
/* End XCConfigurationList section */

/* Begin XCVersionGroup section */
		DA3857D427E2AE2F00F531D1 /* UserInfo.xcdatamodeld */ = {
			isa = XCVersionGroup;
			children = (
				DA3857D527E2AE2F00F531D1 /* UserInfo.xcdatamodel */,
			);
			currentVersion = DA3857D527E2AE2F00F531D1 /* UserInfo.xcdatamodel */;
			path = UserInfo.xcdatamodeld;
			sourceTree = "<group>";
			versionGroupType = wrapper.xcdatamodel;
		};
		DA93A02727C4490500F6B322 /* Task.xcdatamodeld */ = {
			isa = XCVersionGroup;
			children = (
				DA93A02827C4490500F6B322 /* Task.xcdatamodel */,
			);
			currentVersion = DA93A02827C4490500F6B322 /* Task.xcdatamodel */;
			path = Task.xcdatamodeld;
			sourceTree = "<group>";
			versionGroupType = wrapper.xcdatamodel;
		};
/* End XCVersionGroup section */
	};
	rootObject = DA17BFE927BB06BA0047CEBA /* Project object */;
}
