// !$*UTF8*$!
{
	archiveVersion = 1;
	classes = {
	};
	objectVersion = 55;
	objects = {

/* Begin PBXBuildFile section */
		DA13CD0C27C6FCFB0084FAB8 /* UserModel.swift in Sources */ = {isa = PBXBuildFile; fileRef = DA13CD0B27C6FCFB0084FAB8 /* UserModel.swift */; };
		DA17BFF527BB06BA0047CEBA /* AppDelegate.swift in Sources */ = {isa = PBXBuildFile; fileRef = DA17BFF427BB06BA0047CEBA /* AppDelegate.swift */; };
		DA17BFF727BB06BA0047CEBA /* SceneDelegate.swift in Sources */ = {isa = PBXBuildFile; fileRef = DA17BFF627BB06BA0047CEBA /* SceneDelegate.swift */; };
		DA17BFF927BB06BA0047CEBA /* TimerViewController.swift in Sources */ = {isa = PBXBuildFile; fileRef = DA17BFF827BB06BA0047CEBA /* TimerViewController.swift */; };
		DA17BFFE27BB06BC0047CEBA /* Assets.xcassets in Resources */ = {isa = PBXBuildFile; fileRef = DA17BFFD27BB06BC0047CEBA /* Assets.xcassets */; };
		DA17C00127BB06BC0047CEBA /* LaunchScreen.storyboard in Resources */ = {isa = PBXBuildFile; fileRef = DA17BFFF27BB06BC0047CEBA /* LaunchScreen.storyboard */; };
		DA93A02927C4490500F6B322 /* Task.xcdatamodeld in Sources */ = {isa = PBXBuildFile; fileRef = DA93A02727C4490500F6B322 /* Task.xcdatamodeld */; };
		DA93A02B27C44BE400F6B322 /* TimerInteractor.swift in Sources */ = {isa = PBXBuildFile; fileRef = DA93A02A27C44BE400F6B322 /* TimerInteractor.swift */; };
		DA93A02D27C44BEC00F6B322 /* TimerPresenter.swift in Sources */ = {isa = PBXBuildFile; fileRef = DA93A02C27C44BEC00F6B322 /* TimerPresenter.swift */; };
		DA93A02F27C44C0200F6B322 /* TimerFactory.swift in Sources */ = {isa = PBXBuildFile; fileRef = DA93A02E27C44C0200F6B322 /* TimerFactory.swift */; };
		DA93A03127C44C1400F6B322 /* TimerCoordinator.swift in Sources */ = {isa = PBXBuildFile; fileRef = DA93A03027C44C1400F6B322 /* TimerCoordinator.swift */; };
		DAD7B89327C04E9B0076D4CC /* LoginViewController.swift in Sources */ = {isa = PBXBuildFile; fileRef = DAD7B89227C04E9B0076D4CC /* LoginViewController.swift */; };
		DAD7B89627C050850076D4CC /* MapKit.framework in Frameworks */ = {isa = PBXBuildFile; fileRef = DAD7B89527C050850076D4CC /* MapKit.framework */; };
/* End PBXBuildFile section */

/* Begin PBXFileReference section */
		DA13CD0B27C6FCFB0084FAB8 /* UserModel.swift */ = {isa = PBXFileReference; lastKnownFileType = sourcecode.swift; path = UserModel.swift; sourceTree = "<group>"; };
		DA17BFF127BB06BA0047CEBA /* profocus.app */ = {isa = PBXFileReference; explicitFileType = wrapper.application; includeInIndex = 0; path = profocus.app; sourceTree = BUILT_PRODUCTS_DIR; };
		DA17BFF427BB06BA0047CEBA /* AppDelegate.swift */ = {isa = PBXFileReference; lastKnownFileType = sourcecode.swift; path = AppDelegate.swift; sourceTree = "<group>"; };
		DA17BFF627BB06BA0047CEBA /* SceneDelegate.swift */ = {isa = PBXFileReference; lastKnownFileType = sourcecode.swift; path = SceneDelegate.swift; sourceTree = "<group>"; };
		DA17BFF827BB06BA0047CEBA /* TimerViewController.swift */ = {isa = PBXFileReference; lastKnownFileType = sourcecode.swift; path = TimerViewController.swift; sourceTree = "<group>"; };
		DA17BFFD27BB06BC0047CEBA /* Assets.xcassets */ = {isa = PBXFileReference; lastKnownFileType = folder.assetcatalog; path = Assets.xcassets; sourceTree = "<group>"; };
		DA17C00027BB06BC0047CEBA /* Base */ = {isa = PBXFileReference; lastKnownFileType = file.storyboard; name = Base; path = Base.lproj/LaunchScreen.storyboard; sourceTree = "<group>"; };
		DA17C00227BB06BC0047CEBA /* Info.plist */ = {isa = PBXFileReference; lastKnownFileType = text.plist.xml; path = Info.plist; sourceTree = "<group>"; };
		DA93A02827C4490500F6B322 /* Task.xcdatamodel */ = {isa = PBXFileReference; lastKnownFileType = wrapper.xcdatamodel; path = Task.xcdatamodel; sourceTree = "<group>"; };
		DA93A02A27C44BE400F6B322 /* TimerInteractor.swift */ = {isa = PBXFileReference; lastKnownFileType = sourcecode.swift; path = TimerInteractor.swift; sourceTree = "<group>"; };
		DA93A02C27C44BEC00F6B322 /* TimerPresenter.swift */ = {isa = PBXFileReference; lastKnownFileType = sourcecode.swift; path = TimerPresenter.swift; sourceTree = "<group>"; };
		DA93A02E27C44C0200F6B322 /* TimerFactory.swift */ = {isa = PBXFileReference; lastKnownFileType = sourcecode.swift; path = TimerFactory.swift; sourceTree = "<group>"; };
		DA93A03027C44C1400F6B322 /* TimerCoordinator.swift */ = {isa = PBXFileReference; lastKnownFileType = sourcecode.swift; path = TimerCoordinator.swift; sourceTree = "<group>"; };
		DAD7B89227C04E9B0076D4CC /* LoginViewController.swift */ = {isa = PBXFileReference; lastKnownFileType = sourcecode.swift; path = LoginViewController.swift; sourceTree = "<group>"; };
		DAD7B89527C050850076D4CC /* MapKit.framework */ = {isa = PBXFileReference; lastKnownFileType = wrapper.framework; name = MapKit.framework; path = System/Library/Frameworks/MapKit.framework; sourceTree = SDKROOT; };
/* End PBXFileReference section */

/* Begin PBXFrameworksBuildPhase section */
		DA17BFEE27BB06BA0047CEBA /* Frameworks */ = {
			isa = PBXFrameworksBuildPhase;
			buildActionMask = 2147483647;
			files = (
				DAD7B89627C050850076D4CC /* MapKit.framework in Frameworks */,
			);
			runOnlyForDeploymentPostprocessing = 0;
		};
/* End PBXFrameworksBuildPhase section */

/* Begin PBXGroup section */
		DA13CD0A27C6FCD80084FAB8 /* Models */ = {
			isa = PBXGroup;
			children = (
				DA13CD0B27C6FCFB0084FAB8 /* UserModel.swift */,
			);
			path = Models;
			sourceTree = "<group>";
		};
		DA17BFE827BB06BA0047CEBA = {
			isa = PBXGroup;
			children = (
				DA17BFF327BB06BA0047CEBA /* profocus */,
				DA17BFF227BB06BA0047CEBA /* Products */,
				DAD7B89427C050850076D4CC /* Frameworks */,
			);
			sourceTree = "<group>";
		};
		DA17BFF227BB06BA0047CEBA /* Products */ = {
			isa = PBXGroup;
			children = (
				DA17BFF127BB06BA0047CEBA /* profocus.app */,
			);
			name = Products;
			sourceTree = "<group>";
		};
		DA17BFF327BB06BA0047CEBA /* profocus */ = {
			isa = PBXGroup;
			children = (
				DA17C00227BB06BC0047CEBA /* Info.plist */,
				DA17BFFD27BB06BC0047CEBA /* Assets.xcassets */,
				DA17BFFF27BB06BC0047CEBA /* LaunchScreen.storyboard */,
				DAD7B88E27C04C670076D4CC /* Resources */,
				DAD7B88F27C04C970076D4CC /* Scenes */,
				DA93A02727C4490500F6B322 /* Task.xcdatamodeld */,
			);
			path = profocus;
			sourceTree = "<group>";
		};
		DAD7B88E27C04C670076D4CC /* Resources */ = {
			isa = PBXGroup;
			children = (
				DA17BFF427BB06BA0047CEBA /* AppDelegate.swift */,
				DA17BFF627BB06BA0047CEBA /* SceneDelegate.swift */,
			);
			path = Resources;
			sourceTree = "<group>";
		};
		DAD7B88F27C04C970076D4CC /* Scenes */ = {
			isa = PBXGroup;
			children = (
				DA13CD0A27C6FCD80084FAB8 /* Models */,
				DAD7B89127C04E870076D4CC /* Login */,
				DAD7B89027C04E6D0076D4CC /* Timer */,
			);
			path = Scenes;
			sourceTree = "<group>";
		};
		DAD7B89027C04E6D0076D4CC /* Timer */ = {
			isa = PBXGroup;
			children = (
				DA93A03027C44C1400F6B322 /* TimerCoordinator.swift */,
				DA93A02E27C44C0200F6B322 /* TimerFactory.swift */,
				DA93A02A27C44BE400F6B322 /* TimerInteractor.swift */,
				DA93A02C27C44BEC00F6B322 /* TimerPresenter.swift */,
				DA17BFF827BB06BA0047CEBA /* TimerViewController.swift */,
			);
			path = Timer;
			sourceTree = "<group>";
		};
		DAD7B89127C04E870076D4CC /* Login */ = {
			isa = PBXGroup;
			children = (
				DAD7B89227C04E9B0076D4CC /* LoginViewController.swift */,
			);
			path = Login;
			sourceTree = "<group>";
		};
		DAD7B89427C050850076D4CC /* Frameworks */ = {
			isa = PBXGroup;
			children = (
				DAD7B89527C050850076D4CC /* MapKit.framework */,
			);
			name = Frameworks;
			sourceTree = "<group>";
		};
/* End PBXGroup section */

/* Begin PBXNativeTarget section */
		DA17BFF027BB06BA0047CEBA /* profocus */ = {
			isa = PBXNativeTarget;
			buildConfigurationList = DA17C00527BB06BC0047CEBA /* Build configuration list for PBXNativeTarget "profocus" */;
			buildPhases = (
				DA17BFED27BB06BA0047CEBA /* Sources */,
				DA17BFEE27BB06BA0047CEBA /* Frameworks */,
				DA17BFEF27BB06BA0047CEBA /* Resources */,
			);
			buildRules = (
			);
			dependencies = (
			);
			name = profocus;
			productName = profocus;
			productReference = DA17BFF127BB06BA0047CEBA /* profocus.app */;
			productType = "com.apple.product-type.application";
		};
/* End PBXNativeTarget section */

/* Begin PBXProject section */
		DA17BFE927BB06BA0047CEBA /* Project object */ = {
			isa = PBXProject;
			attributes = {
				BuildIndependentTargetsInParallel = 1;
				LastSwiftUpdateCheck = 1320;
				LastUpgradeCheck = 1320;
				TargetAttributes = {
					DA17BFF027BB06BA0047CEBA = {
						CreatedOnToolsVersion = 13.2.1;
					};
				};
			};
			buildConfigurationList = DA17BFEC27BB06BA0047CEBA /* Build configuration list for PBXProject "profocus" */;
			compatibilityVersion = "Xcode 13.0";
			developmentRegion = en;
			hasScannedForEncodings = 0;
			knownRegions = (
				en,
				Base,
			);
			mainGroup = DA17BFE827BB06BA0047CEBA;
			productRefGroup = DA17BFF227BB06BA0047CEBA /* Products */;
			projectDirPath = "";
			projectRoot = "";
			targets = (
				DA17BFF027BB06BA0047CEBA /* profocus */,
			);
		};
/* End PBXProject section */

/* Begin PBXResourcesBuildPhase section */
		DA17BFEF27BB06BA0047CEBA /* Resources */ = {
			isa = PBXResourcesBuildPhase;
			buildActionMask = 2147483647;
			files = (
				DA17C00127BB06BC0047CEBA /* LaunchScreen.storyboard in Resources */,
				DA17BFFE27BB06BC0047CEBA /* Assets.xcassets in Resources */,
			);
			runOnlyForDeploymentPostprocessing = 0;
		};
/* End PBXResourcesBuildPhase section */

/* Begin PBXSourcesBuildPhase section */
		DA17BFED27BB06BA0047CEBA /* Sources */ = {
			isa = PBXSourcesBuildPhase;
			buildActionMask = 2147483647;
			files = (
				DA93A02B27C44BE400F6B322 /* TimerInteractor.swift in Sources */,
				DAD7B89327C04E9B0076D4CC /* LoginViewController.swift in Sources */,
				DA17BFF927BB06BA0047CEBA /* TimerViewController.swift in Sources */,
				DA93A03127C44C1400F6B322 /* TimerCoordinator.swift in Sources */,
				DA93A02D27C44BEC00F6B322 /* TimerPresenter.swift in Sources */,
				DA17BFF527BB06BA0047CEBA /* AppDelegate.swift in Sources */,
				DA93A02927C4490500F6B322 /* Task.xcdatamodeld in Sources */,
				DA93A02F27C44C0200F6B322 /* TimerFactory.swift in Sources */,
				DA13CD0C27C6FCFB0084FAB8 /* UserModel.swift in Sources */,
				DA17BFF727BB06BA0047CEBA /* SceneDelegate.swift in Sources */,
			);
			runOnlyForDeploymentPostprocessing = 0;
		};
/* End PBXSourcesBuildPhase section */

/* Begin PBXVariantGroup section */
		DA17BFFF27BB06BC0047CEBA /* LaunchScreen.storyboard */ = {
			isa = PBXVariantGroup;
			children = (
				DA17C00027BB06BC0047CEBA /* Base */,
			);
			name = LaunchScreen.storyboard;
			sourceTree = "<group>";
		};
/* End PBXVariantGroup section */

/* Begin XCBuildConfiguration section */
		DA17C00327BB06BC0047CEBA /* Debug */ = {
			isa = XCBuildConfiguration;
			buildSettings = {
				ALWAYS_SEARCH_USER_PATHS = NO;
				CLANG_ANALYZER_NONNULL = YES;
				CLANG_ANALYZER_NUMBER_OBJECT_CONVERSION = YES_AGGRESSIVE;
				CLANG_CXX_LANGUAGE_STANDARD = "gnu++17";
				CLANG_CXX_LIBRARY = "libc++";
				CLANG_ENABLE_MODULES = YES;
				CLANG_ENABLE_OBJC_ARC = YES;
				CLANG_ENABLE_OBJC_WEAK = YES;
				CLANG_WARN_BLOCK_CAPTURE_AUTORELEASING = YES;
				CLANG_WARN_BOOL_CONVERSION = YES;
				CLANG_WARN_COMMA = YES;
				CLANG_WARN_CONSTANT_CONVERSION = YES;
				CLANG_WARN_DEPRECATED_OBJC_IMPLEMENTATIONS = YES;
				CLANG_WARN_DIRECT_OBJC_ISA_USAGE = YES_ERROR;
				CLANG_WARN_DOCUMENTATION_COMMENTS = YES;
				CLANG_WARN_EMPTY_BODY = YES;
				CLANG_WARN_ENUM_CONVERSION = YES;
				CLANG_WARN_INFINITE_RECURSION = YES;
				CLANG_WARN_INT_CONVERSION = YES;
				CLANG_WARN_NON_LITERAL_NULL_CONVERSION = YES;
				CLANG_WARN_OBJC_IMPLICIT_RETAIN_SELF = YES;
				CLANG_WARN_OBJC_LITERAL_CONVERSION = YES;
				CLANG_WARN_OBJC_ROOT_CLASS = YES_ERROR;
				CLANG_WARN_QUOTED_INCLUDE_IN_FRAMEWORK_HEADER = YES;
				CLANG_WARN_RANGE_LOOP_ANALYSIS = YES;
				CLANG_WARN_STRICT_PROTOTYPES = YES;
				CLANG_WARN_SUSPICIOUS_MOVE = YES;
				CLANG_WARN_UNGUARDED_AVAILABILITY = YES_AGGRESSIVE;
				CLANG_WARN_UNREACHABLE_CODE = YES;
				CLANG_WARN__DUPLICATE_METHOD_MATCH = YES;
				COPY_PHASE_STRIP = NO;
				DEBUG_INFORMATION_FORMAT = dwarf;
				ENABLE_STRICT_OBJC_MSGSEND = YES;
				ENABLE_TESTABILITY = YES;
				GCC_C_LANGUAGE_STANDARD = gnu11;
				GCC_DYNAMIC_NO_PIC = NO;
				GCC_NO_COMMON_BLOCKS = YES;
				GCC_OPTIMIZATION_LEVEL = 0;
				GCC_PREPROCESSOR_DEFINITIONS = (
					"DEBUG=1",
					"$(inherited)",
				);
				GCC_WARN_64_TO_32_BIT_CONVERSION = YES;
				GCC_WARN_ABOUT_RETURN_TYPE = YES_ERROR;
				GCC_WARN_UNDECLARED_SELECTOR = YES;
				GCC_WARN_UNINITIALIZED_AUTOS = YES_AGGRESSIVE;
				GCC_WARN_UNUSED_FUNCTION = YES;
				GCC_WARN_UNUSED_VARIABLE = YES;
				IPHONEOS_DEPLOYMENT_TARGET = 15.2;
				MTL_ENABLE_DEBUG_INFO = INCLUDE_SOURCE;
				MTL_FAST_MATH = YES;
				ONLY_ACTIVE_ARCH = YES;
				SDKROOT = iphoneos;
				SWIFT_ACTIVE_COMPILATION_CONDITIONS = DEBUG;
				SWIFT_OPTIMIZATION_LEVEL = "-Onone";
			};
			name = Debug;
		};
		DA17C00427BB06BC0047CEBA /* Release */ = {
			isa = XCBuildConfiguration;
			buildSettings = {
				ALWAYS_SEARCH_USER_PATHS = NO;
				CLANG_ANALYZER_NONNULL = YES;
				CLANG_ANALYZER_NUMBER_OBJECT_CONVERSION = YES_AGGRESSIVE;
				CLANG_CXX_LANGUAGE_STANDARD = "gnu++17";
				CLANG_CXX_LIBRARY = "libc++";
				CLANG_ENABLE_MODULES = YES;
				CLANG_ENABLE_OBJC_ARC = YES;
				CLANG_ENABLE_OBJC_WEAK = YES;
				CLANG_WARN_BLOCK_CAPTURE_AUTORELEASING = YES;
				CLANG_WARN_BOOL_CONVERSION = YES;
				CLANG_WARN_COMMA = YES;
				CLANG_WARN_CONSTANT_CONVERSION = YES;
				CLANG_WARN_DEPRECATED_OBJC_IMPLEMENTATIONS = YES;
				CLANG_WARN_DIRECT_OBJC_ISA_USAGE = YES_ERROR;
				CLANG_WARN_DOCUMENTATION_COMMENTS = YES;
				CLANG_WARN_EMPTY_BODY = YES;
				CLANG_WARN_ENUM_CONVERSION = YES;
				CLANG_WARN_INFINITE_RECURSION = YES;
				CLANG_WARN_INT_CONVERSION = YES;
				CLANG_WARN_NON_LITERAL_NULL_CONVERSION = YES;
				CLANG_WARN_OBJC_IMPLICIT_RETAIN_SELF = YES;
				CLANG_WARN_OBJC_LITERAL_CONVERSION = YES;
				CLANG_WARN_OBJC_ROOT_CLASS = YES_ERROR;
				CLANG_WARN_QUOTED_INCLUDE_IN_FRAMEWORK_HEADER = YES;
				CLANG_WARN_RANGE_LOOP_ANALYSIS = YES;
				CLANG_WARN_STRICT_PROTOTYPES = YES;
				CLANG_WARN_SUSPICIOUS_MOVE = YES;
				CLANG_WARN_UNGUARDED_AVAILABILITY = YES_AGGRESSIVE;
				CLANG_WARN_UNREACHABLE_CODE = YES;
				CLANG_WARN__DUPLICATE_METHOD_MATCH = YES;
				COPY_PHASE_STRIP = NO;
				DEBUG_INFORMATION_FORMAT = "dwarf-with-dsym";
				ENABLE_NS_ASSERTIONS = NO;
				ENABLE_STRICT_OBJC_MSGSEND = YES;
				GCC_C_LANGUAGE_STANDARD = gnu11;
				GCC_NO_COMMON_BLOCKS = YES;
				GCC_WARN_64_TO_32_BIT_CONVERSION = YES;
				GCC_WARN_ABOUT_RETURN_TYPE = YES_ERROR;
				GCC_WARN_UNDECLARED_SELECTOR = YES;
				GCC_WARN_UNINITIALIZED_AUTOS = YES_AGGRESSIVE;
				GCC_WARN_UNUSED_FUNCTION = YES;
				GCC_WARN_UNUSED_VARIABLE = YES;
				IPHONEOS_DEPLOYMENT_TARGET = 15.2;
				MTL_ENABLE_DEBUG_INFO = NO;
				MTL_FAST_MATH = YES;
				SDKROOT = iphoneos;
				SWIFT_COMPILATION_MODE = wholemodule;
				SWIFT_OPTIMIZATION_LEVEL = "-O";
				VALIDATE_PRODUCT = YES;
			};
			name = Release;
		};
		DA17C00627BB06BC0047CEBA /* Debug */ = {
			isa = XCBuildConfiguration;
			buildSettings = {
				ASSETCATALOG_COMPILER_APPICON_NAME = AppIcon;
				ASSETCATALOG_COMPILER_GLOBAL_ACCENT_COLOR_NAME = AccentColor;
				CODE_SIGN_STYLE = Automatic;
				CURRENT_PROJECT_VERSION = 1;
				DEVELOPMENT_TEAM = 9MXZLSN4X6;
				GENERATE_INFOPLIST_FILE = YES;
				INFOPLIST_FILE = profocus/Info.plist;
				INFOPLIST_KEY_NSPrincipalClass = "";
				INFOPLIST_KEY_UIApplicationSupportsIndirectInputEvents = YES;
				INFOPLIST_KEY_UILaunchStoryboardName = LaunchScreen;
				INFOPLIST_KEY_UISupportedInterfaceOrientations = UIInterfaceOrientationPortrait;
				INFOPLIST_KEY_UISupportedInterfaceOrientations_iPad = "UIInterfaceOrientationPortrait UIInterfaceOrientationPortraitUpsideDown UIInterfaceOrientationLandscapeLeft UIInterfaceOrientationLandscapeRight";
				INFOPLIST_KEY_UISupportedInterfaceOrientations_iPhone = "UIInterfaceOrientationPortrait UIInterfaceOrientationLandscapeLeft UIInterfaceOrientationLandscapeRight";
				LD_RUNPATH_SEARCH_PATHS = (
					"$(inherited)",
					"@executable_path/Frameworks",
				);
				MARKETING_VERSION = 1.0;
				PRODUCT_BUNDLE_IDENTIFIER = com.franklinmelo.profocus;
				PRODUCT_NAME = "$(TARGET_NAME)";
				SWIFT_EMIT_LOC_STRINGS = YES;
				SWIFT_VERSION = 5.0;
				TARGETED_DEVICE_FAMILY = "1,2";
			};
			name = Debug;
		};
		DA17C00727BB06BC0047CEBA /* Release */ = {
			isa = XCBuildConfiguration;
			buildSettings = {
				ASSETCATALOG_COMPILER_APPICON_NAME = AppIcon;
				ASSETCATALOG_COMPILER_GLOBAL_ACCENT_COLOR_NAME = AccentColor;
				CODE_SIGN_STYLE = Automatic;
				CURRENT_PROJECT_VERSION = 1;
				DEVELOPMENT_TEAM = 9MXZLSN4X6;
				GENERATE_INFOPLIST_FILE = YES;
				INFOPLIST_FILE = profocus/Info.plist;
				INFOPLIST_KEY_NSPrincipalClass = "";
				INFOPLIST_KEY_UIApplicationSupportsIndirectInputEvents = YES;
				INFOPLIST_KEY_UILaunchStoryboardName = LaunchScreen;
				INFOPLIST_KEY_UISupportedInterfaceOrientations = UIInterfaceOrientationPortrait;
				INFOPLIST_KEY_UISupportedInterfaceOrientations_iPad = "UIInterfaceOrientationPortrait UIInterfaceOrientationPortraitUpsideDown UIInterfaceOrientationLandscapeLeft UIInterfaceOrientationLandscapeRight";
				INFOPLIST_KEY_UISupportedInterfaceOrientations_iPhone = "UIInterfaceOrientationPortrait UIInterfaceOrientationLandscapeLeft UIInterfaceOrientationLandscapeRight";
				LD_RUNPATH_SEARCH_PATHS = (
					"$(inherited)",
					"@executable_path/Frameworks",
				);
				MARKETING_VERSION = 1.0;
				PRODUCT_BUNDLE_IDENTIFIER = com.franklinmelo.profocus;
				PRODUCT_NAME = "$(TARGET_NAME)";
				SWIFT_EMIT_LOC_STRINGS = YES;
				SWIFT_VERSION = 5.0;
				TARGETED_DEVICE_FAMILY = "1,2";
			};
			name = Release;
		};
/* End XCBuildConfiguration section */

/* Begin XCConfigurationList section */
		DA17BFEC27BB06BA0047CEBA /* Build configuration list for PBXProject "profocus" */ = {
			isa = XCConfigurationList;
			buildConfigurations = (
				DA17C00327BB06BC0047CEBA /* Debug */,
				DA17C00427BB06BC0047CEBA /* Release */,
			);
			defaultConfigurationIsVisible = 0;
			defaultConfigurationName = Release;
		};
		DA17C00527BB06BC0047CEBA /* Build configuration list for PBXNativeTarget "profocus" */ = {
			isa = XCConfigurationList;
			buildConfigurations = (
				DA17C00627BB06BC0047CEBA /* Debug */,
				DA17C00727BB06BC0047CEBA /* Release */,
			);
			defaultConfigurationIsVisible = 0;
			defaultConfigurationName = Release;
		};
/* End XCConfigurationList section */

/* Begin XCVersionGroup section */
		DA93A02727C4490500F6B322 /* Task.xcdatamodeld */ = {
			isa = XCVersionGroup;
			children = (
				DA93A02827C4490500F6B322 /* Task.xcdatamodel */,
			);
			currentVersion = DA93A02827C4490500F6B322 /* Task.xcdatamodel */;
			path = Task.xcdatamodeld;
			sourceTree = "<group>";
			versionGroupType = wrapper.xcdatamodel;
		};
/* End XCVersionGroup section */
	};
	rootObject = DA17BFE927BB06BA0047CEBA /* Project object */;
}
